
Microsoft Visual Studio Solution File, Format Version 12.00
# Visual Studio Version 16
VisualStudioVersion = 16.0.30225.117
MinimumVisualStudioVersion = 10.0.40219.1
Project("{FAE04EC0-301F-11D3-BF4B-00C04F79EFBC}") = "Rectangle", "Rectangle\Rectangle.csproj", "{917876F1-726E-4ACD-813F-59012D07C3D4}"
EndProject
Project("{FAE04EC0-301F-11D3-BF4B-00C04F79EFBC}") = "Rectangle.Test", "Rectangle.Test\Rectangle.Test.csproj", "{97370B8A-046C-4516-B9C1-75E38C4C5576}"
EndProject
Global
	GlobalSection(SolutionConfigurationPlatforms) = preSolution
		Debug|Any CPU = Debug|Any CPU
		Release|Any CPU = Release|Any CPU
	EndGlobalSection
	GlobalSection(ProjectConfigurationPlatforms) = postSolution
		{917876F1-726E-4ACD-813F-59012D07C3D4}.Debug|Any CPU.ActiveCfg = Debug|Any CPU
		{917876F1-726E-4ACD-813F-59012D07C3D4}.Debug|Any CPU.Build.0 = Debug|Any CPU
		{917876F1-726E-4ACD-813F-59012D07C3D4}.Release|Any CPU.ActiveCfg = Release|Any CPU
		{917876F1-726E-4ACD-813F-59012D07C3D4}.Release|Any CPU.Build.0 = Release|Any CPU
		{97370B8A-046C-4516-B9C1-75E38C4C5576}.Debug|Any CPU.ActiveCfg = Debug|Any CPU
		{97370B8A-046C-4516-B9C1-75E38C4C5576}.Debug|Any CPU.Build.0 = Debug|Any CPU
		{97370B8A-046C-4516-B9C1-75E38C4C5576}.Release|Any CPU.ActiveCfg = Release|Any CPU
		{97370B8A-046C-4516-B9C1-75E38C4C5576}.Release|Any CPU.Build.0 = Release|Any CPU
	EndGlobalSection
	GlobalSection(SolutionProperties) = preSolution
		HideSolutionNode = FALSE
	EndGlobalSection
	GlobalSection(ExtensibilityGlobals) = postSolution
		SolutionGuid = {5F23B79C-C866-4C53-ADD3-B2459F2F99AE}
	EndGlobalSection
EndGlobal
